
Microsoft Visual Studio Solution File, Format Version 12.00
# Visual Studio Version 17
VisualStudioVersion = 17.2.32630.192
MinimumVisualStudioVersion = 10.0.40219.1
Project("{FAE04EC0-301F-11D3-BF4B-00C04F79EFBC}") = "CheckArm64Dylib", "CheckArm64Dylib\CheckArm64Dylib.csproj", "{3B91ED48-047A-4DCC-A2AC-FA1A62E03CC3}"
EndProject
Global
	GlobalSection(SolutionConfigurationPlatforms) = preSolution
		Debug|Any CPU = Debug|Any CPU
		Release|Any CPU = Release|Any CPU
	EndGlobalSection
	GlobalSection(ProjectConfigurationPlatforms) = postSolution
		{3B91ED48-047A-4DCC-A2AC-FA1A62E03CC3}.Debug|Any CPU.ActiveCfg = Debug|Any CPU
		{3B91ED48-047A-4DCC-A2AC-FA1A62E03CC3}.Debug|Any CPU.Build.0 = Debug|Any CPU
		{3B91ED48-047A-4DCC-A2AC-FA1A62E03CC3}.Release|Any CPU.ActiveCfg = Release|Any CPU
		{3B91ED48-047A-4DCC-A2AC-FA1A62E03CC3}.Release|Any CPU.Build.0 = Release|Any CPU
	EndGlobalSection
	GlobalSection(SolutionProperties) = preSolution
		HideSolutionNode = FALSE
	EndGlobalSection
	GlobalSection(ExtensibilityGlobals) = postSolution
		SolutionGuid = {114CAD4C-C844-45F6-9B07-58D6F4054CB6}
	EndGlobalSection
EndGlobal
