
Microsoft Visual Studio Solution File, Format Version 12.00
# Visual Studio Version 16
VisualStudioVersion = 16.0.31321.278
MinimumVisualStudioVersion = 10.0.40219.1
Project("{9A19103F-16F7-4668-BE54-9A1E7A4F7556}") = "Common", "Common\Common.csproj", "{6B098880-746B-4089-809D-E4CFA4B7E7CC}"
EndProject
Project("{9A19103F-16F7-4668-BE54-9A1E7A4F7556}") = "SystemTimersTimer", "SystemTimersTimer\SystemTimersTimer.csproj", "{015666F2-F2F8-4001-9C97-6578480F542F}"
EndProject
Project("{9A19103F-16F7-4668-BE54-9A1E7A4F7556}") = "SystemThreadingTimer", "SystemThreadingTimer\SystemThreadingTimer.csproj", "{7FBA87BE-E4A9-4CB4-BDEB-D60858907C38}"
EndProject
Project("{9A19103F-16F7-4668-BE54-9A1E7A4F7556}") = "InfiniteLoopTimer", "InfiniteLoopTimer\InfiniteLoopTimer.csproj", "{6303F757-6EEE-4156-83A8-C7EA1DB446B5}"
EndProject
Project("{9A19103F-16F7-4668-BE54-9A1E7A4F7556}") = "InfiniteLoopTimerWithThreadYield", "InfiniteLoopTimerWithThreadYield\InfiniteLoopTimerWithThreadYield.csproj", "{5EDC7F1A-6F4F-4413-A77A-3460F9D28792}"
EndProject
Project("{9A19103F-16F7-4668-BE54-9A1E7A4F7556}") = "InfiniteLoopTimerWithSleep", "InfiniteLoopTimerWithSleep\InfiniteLoopTimerWithSleep.csproj", "{FAC6BB84-75F8-45CF-9C9C-C293ED899D84}"
EndProject
Project("{9A19103F-16F7-4668-BE54-9A1E7A4F7556}") = "RunLoopTimer", "RunLoopTimer\RunLoopTimer.csproj", "{6ADF5212-14BC-4776-AEAD-6D15FEA18498}"
EndProject
Project("{9A19103F-16F7-4668-BE54-9A1E7A4F7556}") = "RunLoopTimerPrioritized", "RunLoopTimerPrioritized\RunLoopTimerPrioritized.csproj", "{EF05A4A6-B469-40EF-9042-4DB6272A90B1}"
EndProject
Project("{9A19103F-16F7-4668-BE54-9A1E7A4F7556}") = "RunLoopTimerPrioritizedWithTolerance", "RunLoopTimerPrioritizedWithTolerance\RunLoopTimerPrioritizedWithTolerance.csproj", "{294F3811-0566-4AD2-BE05-DF205EF942DE}"
EndProject
Project("{9A19103F-16F7-4668-BE54-9A1E7A4F7556}") = "InfiniteLoopTimerWithSleepPrioritized", "InfiniteLoopTimerWithSleepPrioritized\InfiniteLoopTimerWithSleepPrioritized.csproj", "{E4CC5400-F603-4817-8BB5-4CE710E1C002}"
EndProject
Project("{9A19103F-16F7-4668-BE54-9A1E7A4F7556}") = "InfiniteLoopTimerWithNanosleep", "InfiniteLoopTimerWithNanosleep\InfiniteLoopTimerWithNanosleep.csproj", "{B03A1098-E6F4-48DF-8641-A35F4EA63018}"
EndProject
Project("{FAE04EC0-301F-11D3-BF4B-00C04F79EFBC}") = "InfiniteLoopTimerWithNanosleepPrioritized", "InfiniteLoopTimerWithNanosleepPrioritized\InfiniteLoopTimerWithNanosleepPrioritized.csproj", "{877E21D6-9409-430E-B47D-37E172D3A4A6}"
EndProject
Global
	GlobalSection(SolutionConfigurationPlatforms) = preSolution
		Debug|Any CPU = Debug|Any CPU
		Release|Any CPU = Release|Any CPU
	EndGlobalSection
	GlobalSection(ProjectConfigurationPlatforms) = postSolution
		{6B098880-746B-4089-809D-E4CFA4B7E7CC}.Debug|Any CPU.ActiveCfg = Debug|Any CPU
		{6B098880-746B-4089-809D-E4CFA4B7E7CC}.Debug|Any CPU.Build.0 = Debug|Any CPU
		{6B098880-746B-4089-809D-E4CFA4B7E7CC}.Release|Any CPU.ActiveCfg = Release|Any CPU
		{6B098880-746B-4089-809D-E4CFA4B7E7CC}.Release|Any CPU.Build.0 = Release|Any CPU
		{015666F2-F2F8-4001-9C97-6578480F542F}.Debug|Any CPU.ActiveCfg = Debug|Any CPU
		{015666F2-F2F8-4001-9C97-6578480F542F}.Debug|Any CPU.Build.0 = Debug|Any CPU
		{015666F2-F2F8-4001-9C97-6578480F542F}.Release|Any CPU.ActiveCfg = Release|Any CPU
		{015666F2-F2F8-4001-9C97-6578480F542F}.Release|Any CPU.Build.0 = Release|Any CPU
		{7FBA87BE-E4A9-4CB4-BDEB-D60858907C38}.Debug|Any CPU.ActiveCfg = Debug|Any CPU
		{7FBA87BE-E4A9-4CB4-BDEB-D60858907C38}.Debug|Any CPU.Build.0 = Debug|Any CPU
		{7FBA87BE-E4A9-4CB4-BDEB-D60858907C38}.Release|Any CPU.ActiveCfg = Release|Any CPU
		{7FBA87BE-E4A9-4CB4-BDEB-D60858907C38}.Release|Any CPU.Build.0 = Release|Any CPU
		{6303F757-6EEE-4156-83A8-C7EA1DB446B5}.Debug|Any CPU.ActiveCfg = Debug|Any CPU
		{6303F757-6EEE-4156-83A8-C7EA1DB446B5}.Debug|Any CPU.Build.0 = Debug|Any CPU
		{6303F757-6EEE-4156-83A8-C7EA1DB446B5}.Release|Any CPU.ActiveCfg = Release|Any CPU
		{6303F757-6EEE-4156-83A8-C7EA1DB446B5}.Release|Any CPU.Build.0 = Release|Any CPU
		{5EDC7F1A-6F4F-4413-A77A-3460F9D28792}.Debug|Any CPU.ActiveCfg = Debug|Any CPU
		{5EDC7F1A-6F4F-4413-A77A-3460F9D28792}.Debug|Any CPU.Build.0 = Debug|Any CPU
		{5EDC7F1A-6F4F-4413-A77A-3460F9D28792}.Release|Any CPU.ActiveCfg = Release|Any CPU
		{5EDC7F1A-6F4F-4413-A77A-3460F9D28792}.Release|Any CPU.Build.0 = Release|Any CPU
		{FAC6BB84-75F8-45CF-9C9C-C293ED899D84}.Debug|Any CPU.ActiveCfg = Debug|Any CPU
		{FAC6BB84-75F8-45CF-9C9C-C293ED899D84}.Debug|Any CPU.Build.0 = Debug|Any CPU
		{FAC6BB84-75F8-45CF-9C9C-C293ED899D84}.Release|Any CPU.ActiveCfg = Release|Any CPU
		{FAC6BB84-75F8-45CF-9C9C-C293ED899D84}.Release|Any CPU.Build.0 = Release|Any CPU
		{6ADF5212-14BC-4776-AEAD-6D15FEA18498}.Debug|Any CPU.ActiveCfg = Debug|Any CPU
		{6ADF5212-14BC-4776-AEAD-6D15FEA18498}.Debug|Any CPU.Build.0 = Debug|Any CPU
		{6ADF5212-14BC-4776-AEAD-6D15FEA18498}.Release|Any CPU.ActiveCfg = Release|Any CPU
		{6ADF5212-14BC-4776-AEAD-6D15FEA18498}.Release|Any CPU.Build.0 = Release|Any CPU
		{EF05A4A6-B469-40EF-9042-4DB6272A90B1}.Debug|Any CPU.ActiveCfg = Debug|Any CPU
		{EF05A4A6-B469-40EF-9042-4DB6272A90B1}.Debug|Any CPU.Build.0 = Debug|Any CPU
		{EF05A4A6-B469-40EF-9042-4DB6272A90B1}.Release|Any CPU.ActiveCfg = Release|Any CPU
		{EF05A4A6-B469-40EF-9042-4DB6272A90B1}.Release|Any CPU.Build.0 = Release|Any CPU
		{294F3811-0566-4AD2-BE05-DF205EF942DE}.Debug|Any CPU.ActiveCfg = Debug|Any CPU
		{294F3811-0566-4AD2-BE05-DF205EF942DE}.Debug|Any CPU.Build.0 = Debug|Any CPU
		{294F3811-0566-4AD2-BE05-DF205EF942DE}.Release|Any CPU.ActiveCfg = Release|Any CPU
		{294F3811-0566-4AD2-BE05-DF205EF942DE}.Release|Any CPU.Build.0 = Release|Any CPU
		{E4CC5400-F603-4817-8BB5-4CE710E1C002}.Debug|Any CPU.ActiveCfg = Debug|Any CPU
		{E4CC5400-F603-4817-8BB5-4CE710E1C002}.Debug|Any CPU.Build.0 = Debug|Any CPU
		{E4CC5400-F603-4817-8BB5-4CE710E1C002}.Release|Any CPU.ActiveCfg = Release|Any CPU
		{E4CC5400-F603-4817-8BB5-4CE710E1C002}.Release|Any CPU.Build.0 = Release|Any CPU
		{B03A1098-E6F4-48DF-8641-A35F4EA63018}.Debug|Any CPU.ActiveCfg = Debug|Any CPU
		{B03A1098-E6F4-48DF-8641-A35F4EA63018}.Debug|Any CPU.Build.0 = Debug|Any CPU
		{B03A1098-E6F4-48DF-8641-A35F4EA63018}.Release|Any CPU.ActiveCfg = Release|Any CPU
		{B03A1098-E6F4-48DF-8641-A35F4EA63018}.Release|Any CPU.Build.0 = Release|Any CPU
		{877E21D6-9409-430E-B47D-37E172D3A4A6}.Debug|Any CPU.ActiveCfg = Debug|Any CPU
		{877E21D6-9409-430E-B47D-37E172D3A4A6}.Debug|Any CPU.Build.0 = Debug|Any CPU
		{877E21D6-9409-430E-B47D-37E172D3A4A6}.Release|Any CPU.ActiveCfg = Release|Any CPU
		{877E21D6-9409-430E-B47D-37E172D3A4A6}.Release|Any CPU.Build.0 = Release|Any CPU
	EndGlobalSection
	GlobalSection(SolutionProperties) = preSolution
		HideSolutionNode = FALSE
	EndGlobalSection
	GlobalSection(ExtensibilityGlobals) = postSolution
		SolutionGuid = {64C3B127-3D4B-4667-8096-A6528657332C}
	EndGlobalSection
EndGlobal
