
Microsoft Visual Studio Solution File, Format Version 12.00
# Visual Studio Version 17
VisualStudioVersion = 17.2.32630.192
MinimumVisualStudioVersion = 10.0.40219.1
Project("{FAE04EC0-301F-11D3-BF4B-00C04F79EFBC}") = "CheckUniversalDylib", "CheckUniversalDylib\CheckUniversalDylib.csproj", "{AF575F54-4DD1-4F1E-B669-0352317AD039}"
EndProject
Global
	GlobalSection(SolutionConfigurationPlatforms) = preSolution
		Debug|Any CPU = Debug|Any CPU
		Release|Any CPU = Release|Any CPU
	EndGlobalSection
	GlobalSection(ProjectConfigurationPlatforms) = postSolution
		{AF575F54-4DD1-4F1E-B669-0352317AD039}.Debug|Any CPU.ActiveCfg = Debug|Any CPU
		{AF575F54-4DD1-4F1E-B669-0352317AD039}.Debug|Any CPU.Build.0 = Debug|Any CPU
		{AF575F54-4DD1-4F1E-B669-0352317AD039}.Release|Any CPU.ActiveCfg = Release|Any CPU
		{AF575F54-4DD1-4F1E-B669-0352317AD039}.Release|Any CPU.Build.0 = Release|Any CPU
	EndGlobalSection
	GlobalSection(SolutionProperties) = preSolution
		HideSolutionNode = FALSE
	EndGlobalSection
	GlobalSection(ExtensibilityGlobals) = postSolution
		SolutionGuid = {E9DD8278-22E4-410F-89C0-B22338075D12}
	EndGlobalSection
EndGlobal
